
Microsoft Visual Studio Solution File, Format Version 12.00
# Visual Studio Version 17
VisualStudioVersion = 17.0.31903.59
MinimumVisualStudioVersion = 10.0.40219.1
Project("{2150E333-8FDC-42A3-9474-1A3956D46DE8}") = "src", "src", "{827E0CD3-B72D-47B6-A68D-7590B98EB39B}"
EndProject
Project("{FAE04EC0-301F-11D3-BF4B-00C04F79EFBC}") = "Api", "src\Api\Api.csproj", "{704F80AA-4163-427A-970E-C53A2A39922D}"
EndProject
Project("{FAE04EC0-301F-11D3-BF4B-00C04F79EFBC}") = "Application", "src\Application\Application.csproj", "{F88467EE-6186-43EF-9AB2-80092F54A839}"
EndProject
Project("{FAE04EC0-301F-11D3-BF4B-00C04F79EFBC}") = "Domain", "src\Domain\Domain.csproj", "{8945A8B5-34BB-44F1-AA3B-78BE49FA5F96}"
EndProject
Project("{FAE04EC0-301F-11D3-BF4B-00C04F79EFBC}") = "Infrastructure", "src\Infrastructure\Infrastructure.csproj", "{D7E56816-DC42-4033-93F3-282A41F95A68}"
EndProject
Project("{FAE04EC0-301F-11D3-BF4B-00C04F79EFBC}") = "ServiceDefaults", "src\ServiceDefaults\ServiceDefaults.csproj", "{59771167-EB73-45E7-95CD-1D7060BD8946}"
EndProject
Project("{FAE04EC0-301F-11D3-BF4B-00C04F79EFBC}") = "AppHost", "src\AppHost\AppHost.csproj", "{C3E93155-FBA6-4344-AC07-87B38B58F91D}"
EndProject
Project("{FAE04EC0-301F-11D3-BF4B-00C04F79EFBC}") = "Worker", "src\Worker\Worker.csproj", "{02205909-A854-41E5-886C-C992728C4B7C}"
EndProject
Project("{FAE04EC0-301F-11D3-BF4B-00C04F79EFBC}") = "Web", "src\Web\Web.csproj", "{FA39DAC1-D379-49B1-A3B0-2F781C14973D}"
EndProject
Project("{2150E333-8FDC-42A3-9474-1A3956D46DE8}") = "tests", "tests", "{0AB3BF05-4346-4AA6-1389-037BE0695223}"
EndProject
Project("{FAE04EC0-301F-11D3-BF4B-00C04F79EFBC}") = "IntegrationTests", "tests\IntegrationTests\IntegrationTests.csproj", "{455A56AD-8117-4F47-939E-D8D0FD12DC42}"
EndProject
Project("{FAE04EC0-301F-11D3-BF4B-00C04F79EFBC}") = "UnitTests", "tests\UnitTests\UnitTests.csproj", "{8FAF9181-169E-47C1-B63C-261660B1FBBC}"
EndProject
Global
	GlobalSection(SolutionConfigurationPlatforms) = preSolution
		Debug|Any CPU = Debug|Any CPU
		Debug|x64 = Debug|x64
		Debug|x86 = Debug|x86
		Release|Any CPU = Release|Any CPU
		Release|x64 = Release|x64
		Release|x86 = Release|x86
	EndGlobalSection
	GlobalSection(ProjectConfigurationPlatforms) = postSolution
		{704F80AA-4163-427A-970E-C53A2A39922D}.Debug|Any CPU.ActiveCfg = Debug|Any CPU
		{704F80AA-4163-427A-970E-C53A2A39922D}.Debug|Any CPU.Build.0 = Debug|Any CPU
		{704F80AA-4163-427A-970E-C53A2A39922D}.Debug|x64.ActiveCfg = Debug|Any CPU
		{704F80AA-4163-427A-970E-C53A2A39922D}.Debug|x64.Build.0 = Debug|Any CPU
		{704F80AA-4163-427A-970E-C53A2A39922D}.Debug|x86.ActiveCfg = Debug|Any CPU
		{704F80AA-4163-427A-970E-C53A2A39922D}.Debug|x86.Build.0 = Debug|Any CPU
		{704F80AA-4163-427A-970E-C53A2A39922D}.Release|Any CPU.ActiveCfg = Release|Any CPU
		{704F80AA-4163-427A-970E-C53A2A39922D}.Release|Any CPU.Build.0 = Release|Any CPU
		{704F80AA-4163-427A-970E-C53A2A39922D}.Release|x64.ActiveCfg = Release|Any CPU
		{704F80AA-4163-427A-970E-C53A2A39922D}.Release|x64.Build.0 = Release|Any CPU
		{704F80AA-4163-427A-970E-C53A2A39922D}.Release|x86.ActiveCfg = Release|Any CPU
		{704F80AA-4163-427A-970E-C53A2A39922D}.Release|x86.Build.0 = Release|Any CPU
		{F88467EE-6186-43EF-9AB2-80092F54A839}.Debug|Any CPU.ActiveCfg = Debug|Any CPU
		{F88467EE-6186-43EF-9AB2-80092F54A839}.Debug|Any CPU.Build.0 = Debug|Any CPU
		{F88467EE-6186-43EF-9AB2-80092F54A839}.Debug|x64.ActiveCfg = Debug|Any CPU
		{F88467EE-6186-43EF-9AB2-80092F54A839}.Debug|x64.Build.0 = Debug|Any CPU
		{F88467EE-6186-43EF-9AB2-80092F54A839}.Debug|x86.ActiveCfg = Debug|Any CPU
		{F88467EE-6186-43EF-9AB2-80092F54A839}.Debug|x86.Build.0 = Debug|Any CPU
		{F88467EE-6186-43EF-9AB2-80092F54A839}.Release|Any CPU.ActiveCfg = Release|Any CPU
		{F88467EE-6186-43EF-9AB2-80092F54A839}.Release|Any CPU.Build.0 = Release|Any CPU
		{F88467EE-6186-43EF-9AB2-80092F54A839}.Release|x64.ActiveCfg = Release|Any CPU
		{F88467EE-6186-43EF-9AB2-80092F54A839}.Release|x64.Build.0 = Release|Any CPU
		{F88467EE-6186-43EF-9AB2-80092F54A839}.Release|x86.ActiveCfg = Release|Any CPU
		{F88467EE-6186-43EF-9AB2-80092F54A839}.Release|x86.Build.0 = Release|Any CPU
		{8945A8B5-34BB-44F1-AA3B-78BE49FA5F96}.Debug|Any CPU.ActiveCfg = Debug|Any CPU
		{8945A8B5-34BB-44F1-AA3B-78BE49FA5F96}.Debug|Any CPU.Build.0 = Debug|Any CPU
		{8945A8B5-34BB-44F1-AA3B-78BE49FA5F96}.Debug|x64.ActiveCfg = Debug|Any CPU
		{8945A8B5-34BB-44F1-AA3B-78BE49FA5F96}.Debug|x64.Build.0 = Debug|Any CPU
		{8945A8B5-34BB-44F1-AA3B-78BE49FA5F96}.Debug|x86.ActiveCfg = Debug|Any CPU
		{8945A8B5-34BB-44F1-AA3B-78BE49FA5F96}.Debug|x86.Build.0 = Debug|Any CPU
		{8945A8B5-34BB-44F1-AA3B-78BE49FA5F96}.Release|Any CPU.ActiveCfg = Release|Any CPU
		{8945A8B5-34BB-44F1-AA3B-78BE49FA5F96}.Release|Any CPU.Build.0 = Release|Any CPU
		{8945A8B5-34BB-44F1-AA3B-78BE49FA5F96}.Release|x64.ActiveCfg = Release|Any CPU
		{8945A8B5-34BB-44F1-AA3B-78BE49FA5F96}.Release|x64.Build.0 = Release|Any CPU
		{8945A8B5-34BB-44F1-AA3B-78BE49FA5F96}.Release|x86.ActiveCfg = Release|Any CPU
		{8945A8B5-34BB-44F1-AA3B-78BE49FA5F96}.Release|x86.Build.0 = Release|Any CPU
		{D7E56816-DC42-4033-93F3-282A41F95A68}.Debug|Any CPU.ActiveCfg = Debug|Any CPU
		{D7E56816-DC42-4033-93F3-282A41F95A68}.Debug|Any CPU.Build.0 = Debug|Any CPU
		{D7E56816-DC42-4033-93F3-282A41F95A68}.Debug|x64.ActiveCfg = Debug|Any CPU
		{D7E56816-DC42-4033-93F3-282A41F95A68}.Debug|x64.Build.0 = Debug|Any CPU
		{D7E56816-DC42-4033-93F3-282A41F95A68}.Debug|x86.ActiveCfg = Debug|Any CPU
		{D7E56816-DC42-4033-93F3-282A41F95A68}.Debug|x86.Build.0 = Debug|Any CPU
		{D7E56816-DC42-4033-93F3-282A41F95A68}.Release|Any CPU.ActiveCfg = Release|Any CPU
		{D7E56816-DC42-4033-93F3-282A41F95A68}.Release|Any CPU.Build.0 = Release|Any CPU
		{D7E56816-DC42-4033-93F3-282A41F95A68}.Release|x64.ActiveCfg = Release|Any CPU
		{D7E56816-DC42-4033-93F3-282A41F95A68}.Release|x64.Build.0 = Release|Any CPU
		{D7E56816-DC42-4033-93F3-282A41F95A68}.Release|x86.ActiveCfg = Release|Any CPU
		{D7E56816-DC42-4033-93F3-282A41F95A68}.Release|x86.Build.0 = Release|Any CPU
		{59771167-EB73-45E7-95CD-1D7060BD8946}.Debug|Any CPU.ActiveCfg = Debug|Any CPU
		{59771167-EB73-45E7-95CD-1D7060BD8946}.Debug|Any CPU.Build.0 = Debug|Any CPU
		{59771167-EB73-45E7-95CD-1D7060BD8946}.Debug|x64.ActiveCfg = Debug|Any CPU
		{59771167-EB73-45E7-95CD-1D7060BD8946}.Debug|x64.Build.0 = Debug|Any CPU
		{59771167-EB73-45E7-95CD-1D7060BD8946}.Debug|x86.ActiveCfg = Debug|Any CPU
		{59771167-EB73-45E7-95CD-1D7060BD8946}.Debug|x86.Build.0 = Debug|Any CPU
		{59771167-EB73-45E7-95CD-1D7060BD8946}.Release|Any CPU.ActiveCfg = Release|Any CPU
		{59771167-EB73-45E7-95CD-1D7060BD8946}.Release|Any CPU.Build.0 = Release|Any CPU
		{59771167-EB73-45E7-95CD-1D7060BD8946}.Release|x64.ActiveCfg = Release|Any CPU
		{59771167-EB73-45E7-95CD-1D7060BD8946}.Release|x64.Build.0 = Release|Any CPU
		{59771167-EB73-45E7-95CD-1D7060BD8946}.Release|x86.ActiveCfg = Release|Any CPU
		{59771167-EB73-45E7-95CD-1D7060BD8946}.Release|x86.Build.0 = Release|Any CPU
		{C3E93155-FBA6-4344-AC07-87B38B58F91D}.Debug|Any CPU.ActiveCfg = Debug|Any CPU
		{C3E93155-FBA6-4344-AC07-87B38B58F91D}.Debug|Any CPU.Build.0 = Debug|Any CPU
		{C3E93155-FBA6-4344-AC07-87B38B58F91D}.Debug|x64.ActiveCfg = Debug|Any CPU
		{C3E93155-FBA6-4344-AC07-87B38B58F91D}.Debug|x64.Build.0 = Debug|Any CPU
		{C3E93155-FBA6-4344-AC07-87B38B58F91D}.Debug|x86.ActiveCfg = Debug|Any CPU
		{C3E93155-FBA6-4344-AC07-87B38B58F91D}.Debug|x86.Build.0 = Debug|Any CPU
		{C3E93155-FBA6-4344-AC07-87B38B58F91D}.Release|Any CPU.ActiveCfg = Release|Any CPU
		{C3E93155-FBA6-4344-AC07-87B38B58F91D}.Release|Any CPU.Build.0 = Release|Any CPU
		{C3E93155-FBA6-4344-AC07-87B38B58F91D}.Release|x64.ActiveCfg = Release|Any CPU
		{C3E93155-FBA6-4344-AC07-87B38B58F91D}.Release|x64.Build.0 = Release|Any CPU
		{C3E93155-FBA6-4344-AC07-87B38B58F91D}.Release|x86.ActiveCfg = Release|Any CPU
		{C3E93155-FBA6-4344-AC07-87B38B58F91D}.Release|x86.Build.0 = Release|Any CPU
		{02205909-A854-41E5-886C-C992728C4B7C}.Debug|Any CPU.ActiveCfg = Debug|Any CPU
		{02205909-A854-41E5-886C-C992728C4B7C}.Debug|Any CPU.Build.0 = Debug|Any CPU
		{02205909-A854-41E5-886C-C992728C4B7C}.Debug|x64.ActiveCfg = Debug|Any CPU
		{02205909-A854-41E5-886C-C992728C4B7C}.Debug|x64.Build.0 = Debug|Any CPU
		{02205909-A854-41E5-886C-C992728C4B7C}.Debug|x86.ActiveCfg = Debug|Any CPU
		{02205909-A854-41E5-886C-C992728C4B7C}.Debug|x86.Build.0 = Debug|Any CPU
		{02205909-A854-41E5-886C-C992728C4B7C}.Release|Any CPU.ActiveCfg = Release|Any CPU
		{02205909-A854-41E5-886C-C992728C4B7C}.Release|Any CPU.Build.0 = Release|Any CPU
		{02205909-A854-41E5-886C-C992728C4B7C}.Release|x64.ActiveCfg = Release|Any CPU
		{02205909-A854-41E5-886C-C992728C4B7C}.Release|x64.Build.0 = Release|Any CPU
		{02205909-A854-41E5-886C-C992728C4B7C}.Release|x86.ActiveCfg = Release|Any CPU
		{02205909-A854-41E5-886C-C992728C4B7C}.Release|x86.Build.0 = Release|Any CPU
		{FA39DAC1-D379-49B1-A3B0-2F781C14973D}.Debug|Any CPU.ActiveCfg = Debug|Any CPU
		{FA39DAC1-D379-49B1-A3B0-2F781C14973D}.Debug|Any CPU.Build.0 = Debug|Any CPU
		{FA39DAC1-D379-49B1-A3B0-2F781C14973D}.Debug|x64.ActiveCfg = Debug|Any CPU
		{FA39DAC1-D379-49B1-A3B0-2F781C14973D}.Debug|x64.Build.0 = Debug|Any CPU
		{FA39DAC1-D379-49B1-A3B0-2F781C14973D}.Debug|x86.ActiveCfg = Debug|Any CPU
		{FA39DAC1-D379-49B1-A3B0-2F781C14973D}.Debug|x86.Build.0 = Debug|Any CPU
		{FA39DAC1-D379-49B1-A3B0-2F781C14973D}.Release|Any CPU.ActiveCfg = Release|Any CPU
		{FA39DAC1-D379-49B1-A3B0-2F781C14973D}.Release|Any CPU.Build.0 = Release|Any CPU
		{FA39DAC1-D379-49B1-A3B0-2F781C14973D}.Release|x64.ActiveCfg = Release|Any CPU
		{FA39DAC1-D379-49B1-A3B0-2F781C14973D}.Release|x64.Build.0 = Release|Any CPU
		{FA39DAC1-D379-49B1-A3B0-2F781C14973D}.Release|x86.ActiveCfg = Release|Any CPU
		{FA39DAC1-D379-49B1-A3B0-2F781C14973D}.Release|x86.Build.0 = Release|Any CPU
		{455A56AD-8117-4F47-939E-D8D0FD12DC42}.Debug|Any CPU.ActiveCfg = Debug|Any CPU
		{455A56AD-8117-4F47-939E-D8D0FD12DC42}.Debug|Any CPU.Build.0 = Debug|Any CPU
		{455A56AD-8117-4F47-939E-D8D0FD12DC42}.Debug|x64.ActiveCfg = Debug|Any CPU
		{455A56AD-8117-4F47-939E-D8D0FD12DC42}.Debug|x64.Build.0 = Debug|Any CPU
		{455A56AD-8117-4F47-939E-D8D0FD12DC42}.Debug|x86.ActiveCfg = Debug|Any CPU
		{455A56AD-8117-4F47-939E-D8D0FD12DC42}.Debug|x86.Build.0 = Debug|Any CPU
		{455A56AD-8117-4F47-939E-D8D0FD12DC42}.Release|Any CPU.ActiveCfg = Release|Any CPU
		{455A56AD-8117-4F47-939E-D8D0FD12DC42}.Release|Any CPU.Build.0 = Release|Any CPU
		{455A56AD-8117-4F47-939E-D8D0FD12DC42}.Release|x64.ActiveCfg = Release|Any CPU
		{455A56AD-8117-4F47-939E-D8D0FD12DC42}.Release|x64.Build.0 = Release|Any CPU
		{455A56AD-8117-4F47-939E-D8D0FD12DC42}.Release|x86.ActiveCfg = Release|Any CPU
		{455A56AD-8117-4F47-939E-D8D0FD12DC42}.Release|x86.Build.0 = Release|Any CPU
		{8FAF9181-169E-47C1-B63C-261660B1FBBC}.Debug|Any CPU.ActiveCfg = Debug|Any CPU
		{8FAF9181-169E-47C1-B63C-261660B1FBBC}.Debug|Any CPU.Build.0 = Debug|Any CPU
		{8FAF9181-169E-47C1-B63C-261660B1FBBC}.Debug|x64.ActiveCfg = Debug|Any CPU
		{8FAF9181-169E-47C1-B63C-261660B1FBBC}.Debug|x64.Build.0 = Debug|Any CPU
		{8FAF9181-169E-47C1-B63C-261660B1FBBC}.Debug|x86.ActiveCfg = Debug|Any CPU
		{8FAF9181-169E-47C1-B63C-261660B1FBBC}.Debug|x86.Build.0 = Debug|Any CPU
		{8FAF9181-169E-47C1-B63C-261660B1FBBC}.Release|Any CPU.ActiveCfg = Release|Any CPU
		{8FAF9181-169E-47C1-B63C-261660B1FBBC}.Release|Any CPU.Build.0 = Release|Any CPU
		{8FAF9181-169E-47C1-B63C-261660B1FBBC}.Release|x64.ActiveCfg = Release|Any CPU
		{8FAF9181-169E-47C1-B63C-261660B1FBBC}.Release|x64.Build.0 = Release|Any CPU
		{8FAF9181-169E-47C1-B63C-261660B1FBBC}.Release|x86.ActiveCfg = Release|Any CPU
		{8FAF9181-169E-47C1-B63C-261660B1FBBC}.Release|x86.Build.0 = Release|Any CPU
	EndGlobalSection
	GlobalSection(SolutionProperties) = preSolution
		HideSolutionNode = FALSE
	EndGlobalSection
	GlobalSection(NestedProjects) = preSolution
		{704F80AA-4163-427A-970E-C53A2A39922D} = {827E0CD3-B72D-47B6-A68D-7590B98EB39B}
		{F88467EE-6186-43EF-9AB2-80092F54A839} = {827E0CD3-B72D-47B6-A68D-7590B98EB39B}
		{8945A8B5-34BB-44F1-AA3B-78BE49FA5F96} = {827E0CD3-B72D-47B6-A68D-7590B98EB39B}
		{D7E56816-DC42-4033-93F3-282A41F95A68} = {827E0CD3-B72D-47B6-A68D-7590B98EB39B}
		{59771167-EB73-45E7-95CD-1D7060BD8946} = {827E0CD3-B72D-47B6-A68D-7590B98EB39B}
		{C3E93155-FBA6-4344-AC07-87B38B58F91D} = {827E0CD3-B72D-47B6-A68D-7590B98EB39B}
		{02205909-A854-41E5-886C-C992728C4B7C} = {827E0CD3-B72D-47B6-A68D-7590B98EB39B}
		{FA39DAC1-D379-49B1-A3B0-2F781C14973D} = {827E0CD3-B72D-47B6-A68D-7590B98EB39B}
		{455A56AD-8117-4F47-939E-D8D0FD12DC42} = {0AB3BF05-4346-4AA6-1389-037BE0695223}
		{8FAF9181-169E-47C1-B63C-261660B1FBBC} = {0AB3BF05-4346-4AA6-1389-037BE0695223}
	EndGlobalSection
EndGlobal
